
Microsoft Visual Studio Solution File, Format Version 12.00
# Visual Studio 14
VisualStudioVersion = 14.0.23107.0
MinimumVisualStudioVersion = 10.0.40219.1
Project("{FAE04EC0-301F-11D3-BF4B-00C04F79EFBC}") = "481kiosk", "481kiosk.csproj", "{9FFC4577-C152-41BC-921C-38C5F872D024}"
EndProject
Global
	GlobalSection(SolutionConfigurationPlatforms) = preSolution
		Debug|Any CPU = Debug|Any CPU
		Release|Any CPU = Release|Any CPU
	EndGlobalSection
	GlobalSection(ProjectConfigurationPlatforms) = postSolution
		{9FFC4577-C152-41BC-921C-38C5F872D024}.Debug|Any CPU.ActiveCfg = Debug|Any CPU
		{9FFC4577-C152-41BC-921C-38C5F872D024}.Debug|Any CPU.Build.0 = Debug|Any CPU
		{9FFC4577-C152-41BC-921C-38C5F872D024}.Release|Any CPU.ActiveCfg = Release|Any CPU
		{9FFC4577-C152-41BC-921C-38C5F872D024}.Release|Any CPU.Build.0 = Release|Any CPU
	EndGlobalSection
	GlobalSection(SolutionProperties) = preSolution
		HideSolutionNode = FALSE
	EndGlobalSection
EndGlobal
